// !$*UTF8*$!
{
	archiveVersion = 1;
	classes = {
	};
	objectVersion = 46;
	objects = {

/* Begin PBXBuildFile section */
		366BFF4D1A32C7E200D43BCE /* main.m in Sources */ = {isa = PBXBuildFile; fileRef = 366BFF4C1A32C7E200D43BCE /* main.m */; };
		366BFF501A32C7E200D43BCE /* AppDelegate.m in Sources */ = {isa = PBXBuildFile; fileRef = 366BFF4F1A32C7E200D43BCE /* AppDelegate.m */; };
		366BFF531A32C7E200D43BCE /* ViewController.m in Sources */ = {isa = PBXBuildFile; fileRef = 366BFF521A32C7E200D43BCE /* ViewController.m */; };
		366BFF561A32C7E200D43BCE /* Main.storyboard in Resources */ = {isa = PBXBuildFile; fileRef = 366BFF541A32C7E200D43BCE /* Main.storyboard */; };
		366BFF581A32C7E200D43BCE /* Images.xcassets in Resources */ = {isa = PBXBuildFile; fileRef = 366BFF571A32C7E200D43BCE /* Images.xcassets */; };
		366BFF5B1A32C7E200D43BCE /* LaunchScreen.xib in Resources */ = {isa = PBXBuildFile; fileRef = 366BFF591A32C7E200D43BCE /* LaunchScreen.xib */; };
		366BFF671A32C7E200D43BCE /* DrawArcSampleTests.m in Sources */ = {isa = PBXBuildFile; fileRef = 366BFF661A32C7E200D43BCE /* DrawArcSampleTests.m */; };
		366BFF721A32C86500D43BCE /* ArcView.m in Sources */ = {isa = PBXBuildFile; fileRef = 366BFF711A32C86500D43BCE /* ArcView.m */; };
/* End PBXBuildFile section */

/* Begin PBXContainerItemProxy section */
		366BFF611A32C7E200D43BCE /* PBXContainerItemProxy */ = {
			isa = PBXContainerItemProxy;
			containerPortal = 366BFF3F1A32C7E200D43BCE /* Project object */;
			proxyType = 1;
			remoteGlobalIDString = 366BFF461A32C7E200D43BCE;
			remoteInfo = DrawArcSample;
		};
/* End PBXContainerItemProxy section */

/* Begin PBXFileReference section */
		366BFF471A32C7E200D43BCE /* DrawArcSample.app */ = {isa = PBXFileReference; explicitFileType = wrapper.application; includeInIndex = 0; path = DrawArcSample.app; sourceTree = BUILT_PRODUCTS_DIR; };
		366BFF4B1A32C7E200D43BCE /* Info.plist */ = {isa = PBXFileReference; lastKnownFileType = text.plist.xml; path = Info.plist; sourceTree = "<group>"; };
		366BFF4C1A32C7E200D43BCE /* main.m */ = {isa = PBXFileReference; lastKnownFileType = sourcecode.c.objc; path = main.m; sourceTree = "<group>"; };
		366BFF4E1A32C7E200D43BCE /* AppDelegate.h */ = {isa = PBXFileReference; lastKnownFileType = sourcecode.c.h; path = AppDelegate.h; sourceTree = "<group>"; };
		366BFF4F1A32C7E200D43BCE /* AppDelegate.m */ = {isa = PBXFileReference; lastKnownFileType = sourcecode.c.objc; path = AppDelegate.m; sourceTree = "<group>"; };
		366BFF511A32C7E200D43BCE /* ViewController.h */ = {isa = PBXFileReference; lastKnownFileType = sourcecode.c.h; path = ViewController.h; sourceTree = "<group>"; };
		366BFF521A32C7E200D43BCE /* ViewController.m */ = {isa = PBXFileReference; lastKnownFileType = sourcecode.c.objc; path = ViewController.m; sourceTree = "<group>"; };
		366BFF551A32C7E200D43BCE /* Base */ = {isa = PBXFileReference; lastKnownFileType = file.storyboard; name = Base; path = Base.lproj/Main.storyboard; sourceTree = "<group>"; };
		366BFF571A32C7E200D43BCE /* Images.xcassets */ = {isa = PBXFileReference; lastKnownFileType = folder.assetcatalog; path = Images.xcassets; sourceTree = "<group>"; };
		366BFF5A1A32C7E200D43BCE /* Base */ = {isa = PBXFileReference; lastKnownFileType = file.xib; name = Base; path = Base.lproj/LaunchScreen.xib; sourceTree = "<group>"; };
		366BFF601A32C7E200D43BCE /* DrawArcSampleTests.xctest */ = {isa = PBXFileReference; explicitFileType = wrapper.cfbundle; includeInIndex = 0; path = DrawArcSampleTests.xctest; sourceTree = BUILT_PRODUCTS_DIR; };
		366BFF651A32C7E200D43BCE /* Info.plist */ = {isa = PBXFileReference; lastKnownFileType = text.plist.xml; path = Info.plist; sourceTree = "<group>"; };
		366BFF661A32C7E200D43BCE /* DrawArcSampleTests.m */ = {isa = PBXFileReference; lastKnownFileType = sourcecode.c.objc; path = DrawArcSampleTests.m; sourceTree = "<group>"; };
		366BFF701A32C86500D43BCE /* ArcView.h */ = {isa = PBXFileReference; fileEncoding = 4; lastKnownFileType = sourcecode.c.h; path = ArcView.h; sourceTree = "<group>"; };
		366BFF711A32C86500D43BCE /* ArcView.m */ = {isa = PBXFileReference; fileEncoding = 4; lastKnownFileType = sourcecode.c.objc; path = ArcView.m; sourceTree = "<group>"; };
/* End PBXFileReference section */

/* Begin PBXFrameworksBuildPhase section */
		366BFF441A32C7E200D43BCE /* Frameworks */ = {
			isa = PBXFrameworksBuildPhase;
			buildActionMask = 2147483647;
			files = (
			);
			runOnlyForDeploymentPostprocessing = 0;
		};
		366BFF5D1A32C7E200D43BCE /* Frameworks */ = {
			isa = PBXFrameworksBuildPhase;
			buildActionMask = 2147483647;
			files = (
			);
			runOnlyForDeploymentPostprocessing = 0;
		};
/* End PBXFrameworksBuildPhase section */

/* Begin PBXGroup section */
		366BFF3E1A32C7E200D43BCE = {
			isa = PBXGroup;
			children = (
				366BFF491A32C7E200D43BCE /* DrawArcSample */,
				366BFF631A32C7E200D43BCE /* DrawArcSampleTests */,
				366BFF481A32C7E200D43BCE /* Products */,
			);
			sourceTree = "<group>";
		};
		366BFF481A32C7E200D43BCE /* Products */ = {
			isa = PBXGroup;
			children = (
				366BFF471A32C7E200D43BCE /* DrawArcSample.app */,
				366BFF601A32C7E200D43BCE /* DrawArcSampleTests.xctest */,
			);
			name = Products;
			sourceTree = "<group>";
		};
		366BFF491A32C7E200D43BCE /* DrawArcSample */ = {
			isa = PBXGroup;
			children = (
				366BFF4E1A32C7E200D43BCE /* AppDelegate.h */,
				366BFF4F1A32C7E200D43BCE /* AppDelegate.m */,
				366BFF511A32C7E200D43BCE /* ViewController.h */,
				366BFF521A32C7E200D43BCE /* ViewController.m */,
				366BFF701A32C86500D43BCE /* ArcView.h */,
				366BFF711A32C86500D43BCE /* ArcView.m */,
				366BFF541A32C7E200D43BCE /* Main.storyboard */,
				366BFF571A32C7E200D43BCE /* Images.xcassets */,
				366BFF591A32C7E200D43BCE /* LaunchScreen.xib */,
				366BFF4A1A32C7E200D43BCE /* Supporting Files */,
			);
			path = DrawArcSample;
			sourceTree = "<group>";
		};
		366BFF4A1A32C7E200D43BCE /* Supporting Files */ = {
			isa = PBXGroup;
			children = (
				366BFF4B1A32C7E200D43BCE /* Info.plist */,
				366BFF4C1A32C7E200D43BCE /* main.m */,
			);
			name = "Supporting Files";
			sourceTree = "<group>";
		};
		366BFF631A32C7E200D43BCE /* DrawArcSampleTests */ = {
			isa = PBXGroup;
			children = (
				366BFF661A32C7E200D43BCE /* DrawArcSampleTests.m */,
				366BFF641A32C7E200D43BCE /* Supporting Files */,
			);
			path = DrawArcSampleTests;
			sourceTree = "<group>";
		};
		366BFF641A32C7E200D43BCE /* Supporting Files */ = {
			isa = PBXGroup;
			children = (
				366BFF651A32C7E200D43BCE /* Info.plist */,
			);
			name = "Supporting Files";
			sourceTree = "<group>";
		};
/* End PBXGroup section */

/* Begin PBXNativeTarget section */
		366BFF461A32C7E200D43BCE /* DrawArcSample */ = {
			isa = PBXNativeTarget;
			buildConfigurationList = 366BFF6A1A32C7E200D43BCE /* Build configuration list for PBXNativeTarget "DrawArcSample" */;
			buildPhases = (
				366BFF431A32C7E200D43BCE /* Sources */,
				366BFF441A32C7E200D43BCE /* Frameworks */,
				366BFF451A32C7E200D43BCE /* Resources */,
			);
			buildRules = (
			);
			dependencies = (
			);
			name = DrawArcSample;
			productName = DrawArcSample;
			productReference = 366BFF471A32C7E200D43BCE /* DrawArcSample.app */;
			productType = "com.apple.product-type.application";
		};
		366BFF5F1A32C7E200D43BCE /* DrawArcSampleTests */ = {
			isa = PBXNativeTarget;
			buildConfigurationList = 366BFF6D1A32C7E200D43BCE /* Build configuration list for PBXNativeTarget "DrawArcSampleTests" */;
			buildPhases = (
				366BFF5C1A32C7E200D43BCE /* Sources */,
				366BFF5D1A32C7E200D43BCE /* Frameworks */,
				366BFF5E1A32C7E200D43BCE /* Resources */,
			);
			buildRules = (
			);
			dependencies = (
				366BFF621A32C7E200D43BCE /* PBXTargetDependency */,
			);
			name = DrawArcSampleTests;
			productName = DrawArcSampleTests;
			productReference = 366BFF601A32C7E200D43BCE /* DrawArcSampleTests.xctest */;
			productType = "com.apple.product-type.bundle.unit-test";
		};
/* End PBXNativeTarget section */

/* Begin PBXProject section */
		366BFF3F1A32C7E200D43BCE /* Project object */ = {
			isa = PBXProject;
			attributes = {
				LastUpgradeCheck = 0610;
				ORGANIZATIONNAME = xj;
				TargetAttributes = {
					366BFF461A32C7E200D43BCE = {
						CreatedOnToolsVersion = 6.1;
					};
					366BFF5F1A32C7E200D43BCE = {
						CreatedOnToolsVersion = 6.1;
						TestTargetID = 366BFF461A32C7E200D43BCE;
					};
				};
			};
			buildConfigurationList = 366BFF421A32C7E200D43BCE /* Build configuration list for PBXProject "DrawArcSample" */;
			compatibilityVersion = "Xcode 3.2";
			developmentRegion = English;
			hasScannedForEncodings = 0;
			knownRegions = (
				en,
				Base,
			);
			mainGroup = 366BFF3E1A32C7E200D43BCE;
			productRefGroup = 366BFF481A32C7E200D43BCE /* Products */;
			projectDirPath = "";
			projectRoot = "";
			targets = (
				366BFF461A32C7E200D43BCE /* DrawArcSample */,
				366BFF5F1A32C7E200D43BCE /* DrawArcSampleTests */,
			);
		};
/* End PBXProject section */

/* Begin PBXResourcesBuildPhase section */
		366BFF451A32C7E200D43BCE /* Resources */ = {
			isa = PBXResourcesBuildPhase;
			buildActionMask = 2147483647;
			files = (
				366BFF561A32C7E200D43BCE /* Main.storyboard in Resources */,
				366BFF5B1A32C7E200D43BCE /* LaunchScreen.xib in Resources */,
				366BFF581A32C7E200D43BCE /* Images.xcassets in Resources */,
			);
			runOnlyForDeploymentPostprocessing = 0;
		};
		366BFF5E1A32C7E200D43BCE /* Resources */ = {
			isa = PBXResourcesBuildPhase;
			buildActionMask = 2147483647;
			files = (
			);
			runOnlyForDeploymentPostprocessing = 0;
		};
/* End PBXResourcesBuildPhase section */

/* Begin PBXSourcesBuildPhase section */
		366BFF431A32C7E200D43BCE /* Sources */ = {
			isa = PBXSourcesBuildPhase;
			buildActionMask = 2147483647;
			files = (
				366BFF531A32C7E200D43BCE /* ViewController.m in Sources */,
				366BFF721A32C86500D43BCE /* ArcView.m in Sources */,
				366BFF501A32C7E200D43BCE /* AppDelegate.m in Sources */,
				366BFF4D1A32C7E200D43BCE /* main.m in Sources */,
			);
			runOnlyForDeploymentPostprocessing = 0;
		};
		366BFF5C1A32C7E200D43BCE /* Sources */ = {
			isa = PBXSourcesBuildPhase;
			buildActionMask = 2147483647;
			files = (
				366BFF671A32C7E200D43BCE /* DrawArcSampleTests.m in Sources */,
			);
			runOnlyForDeploymentPostprocessing = 0;
		};
/* End PBXSourcesBuildPhase section */

/* Begin PBXTargetDependency section */
		366BFF621A32C7E200D43BCE /* PBXTargetDependency */ = {
			isa = PBXTargetDependency;
			target = 366BFF461A32C7E200D43BCE /* DrawArcSample */;
			targetProxy = 366BFF611A32C7E200D43BCE /* PBXContainerItemProxy */;
		};
/* End PBXTargetDependency section */

/* Begin PBXVariantGroup section */
		366BFF541A32C7E200D43BCE /* Main.storyboard */ = {
			isa = PBXVariantGroup;
			children = (
				366BFF551A32C7E200D43BCE /* Base */,
			);
			name = Main.storyboard;
			sourceTree = "<group>";
		};
		366BFF591A32C7E200D43BCE /* LaunchScreen.xib */ = {
			isa = PBXVariantGroup;
			children = (
				366BFF5A1A32C7E200D43BCE /* Base */,
			);
			name = LaunchScreen.xib;
			sourceTree = "<group>";
		};
/* End PBXVariantGroup section */

/* Begin XCBuildConfiguration section */
		366BFF681A32C7E200D43BCE /* Debug */ = {
			isa = XCBuildConfiguration;
			buildSettings = {
				ALWAYS_SEARCH_USER_PATHS = NO;
				CLANG_CXX_LANGUAGE_STANDARD = "gnu++0x";
				CLANG_CXX_LIBRARY = "libc++";
				CLANG_ENABLE_MODULES = YES;
				CLANG_ENABLE_OBJC_ARC = YES;
				CLANG_WARN_BOOL_CONVERSION = YES;
				CLANG_WARN_CONSTANT_CONVERSION = YES;
				CLANG_WARN_DIRECT_OBJC_ISA_USAGE = YES_ERROR;
				CLANG_WARN_EMPTY_BODY = YES;
				CLANG_WARN_ENUM_CONVERSION = YES;
				CLANG_WARN_INT_CONVERSION = YES;
				CLANG_WARN_OBJC_ROOT_CLASS = YES_ERROR;
				CLANG_WARN_UNREACHABLE_CODE = YES;
				CLANG_WARN__DUPLICATE_METHOD_MATCH = YES;
				"CODE_SIGN_IDENTITY[sdk=iphoneos*]" = "iPhone Developer";
				COPY_PHASE_STRIP = NO;
				ENABLE_STRICT_OBJC_MSGSEND = YES;
				GCC_C_LANGUAGE_STANDARD = gnu99;
				GCC_DYNAMIC_NO_PIC = NO;
				GCC_OPTIMIZATION_LEVEL = 0;
				GCC_PREPROCESSOR_DEFINITIONS = (
					"DEBUG=1",
					"$(inherited)",
				);
				GCC_SYMBOLS_PRIVATE_EXTERN = NO;
				GCC_WARN_64_TO_32_BIT_CONVERSION = YES;
				GCC_WARN_ABOUT_RETURN_TYPE = YES_ERROR;
				GCC_WARN_UNDECLARED_SELECTOR = YES;
				GCC_WARN_UNINITIALIZED_AUTOS = YES_AGGRESSIVE;
				GCC_WARN_UNUSED_FUNCTION = YES;
				GCC_WARN_UNUSED_VARIABLE = YES;
				IPHONEOS_DEPLOYMENT_TARGET = 7.0;
				MTL_ENABLE_DEBUG_INFO = YES;
				ONLY_ACTIVE_ARCH = YES;
				SDKROOT = iphoneos;
			};
			name = Debug;
		};
		366BFF691A32C7E200D43BCE /* Release */ = {
			isa = XCBuildConfiguration;
			buildSettings = {
				ALWAYS_SEARCH_USER_PATHS = NO;
				CLANG_CXX_LANGUAGE_STANDARD = "gnu++0x";
				CLANG_CXX_LIBRARY = "libc++";
				CLANG_ENABLE_MODULES = YES;
				CLANG_ENABLE_OBJC_ARC = YES;
				CLANG_WARN_BOOL_CONVERSION = YES;
				CLANG_WARN_CONSTANT_CONVERSION = YES;
				CLANG_WARN_DIRECT_OBJC_ISA_USAGE = YES_ERROR;
				CLANG_WARN_EMPTY_BODY = YES;
				CLANG_WARN_ENUM_CONVERSION = YES;
				CLANG_WARN_INT_CONVERSION = YES;
				CLANG_WARN_OBJC_ROOT_CLASS = YES_ERROR;
				CLANG_WARN_UNREACHABLE_CODE = YES;
				CLANG_WARN__DUPLICATE_METHOD_MATCH = YES;
				"CODE_SIGN_IDENTITY[sdk=iphoneos*]" = "iPhone Developer";
				COPY_PHASE_STRIP = YES;
				ENABLE_NS_ASSERTIONS = NO;
				ENABLE_STRICT_OBJC_MSGSEND = YES;
				GCC_C_LANGUAGE_STANDARD = gnu99;
				GCC_WARN_64_TO_32_BIT_CONVERSION = YES;
				GCC_WARN_ABOUT_RETURN_TYPE = YES_ERROR;
				GCC_WARN_UNDECLARED_SELECTOR = YES;
				GCC_WARN_UNINITIALIZED_AUTOS = YES_AGGRESSIVE;
				GCC_WARN_UNUSED_FUNCTION = YES;
				GCC_WARN_UNUSED_VARIABLE = YES;
				IPHONEOS_DEPLOYMENT_TARGET = 7.0;
				MTL_ENABLE_DEBUG_INFO = NO;
				SDKROOT = iphoneos;
				VALIDATE_PRODUCT = YES;
			};
			name = Release;
		};
		366BFF6B1A32C7E200D43BCE /* Debug */ = {
			isa = XCBuildConfiguration;
			buildSettings = {
				ASSETCATALOG_COMPILER_APPICON_NAME = AppIcon;
				INFOPLIST_FILE = DrawArcSample/Info.plist;
				LD_RUNPATH_SEARCH_PATHS = "$(inherited) @executable_path/Frameworks";
				PRODUCT_NAME = "$(TARGET_NAME)";
			};
			name = Debug;
		};
		366BFF6C1A32C7E200D43BCE /* Release */ = {
			isa = XCBuildConfiguration;
			buildSettings = {
				ASSETCATALOG_COMPILER_APPICON_NAME = AppIcon;
				INFOPLIST_FILE = DrawArcSample/Info.plist;
				LD_RUNPATH_SEARCH_PATHS = "$(inherited) @executable_path/Frameworks";
				PRODUCT_NAME = "$(TARGET_NAME)";
			};
			name = Release;
		};
		366BFF6E1A32C7E200D43BCE /* Debug */ = {
			isa = XCBuildConfiguration;
			buildSettings = {
				BUNDLE_LOADER = "$(TEST_HOST)";
				FRAMEWORK_SEARCH_PATHS = (
					"$(SDKROOT)/Developer/Library/Frameworks",
					"$(inherited)",
				);
				GCC_PREPROCESSOR_DEFINITIONS = (
					"DEBUG=1",
					"$(inherited)",
				);
				INFOPLIST_FILE = DrawArcSampleTests/Info.plist;
				LD_RUNPATH_SEARCH_PATHS = "$(inherited) @executable_path/Frameworks @loader_path/Frameworks";
				PRODUCT_NAME = "$(TARGET_NAME)";
				TEST_HOST = "$(BUILT_PRODUCTS_DIR)/DrawArcSample.app/DrawArcSample";
			};
			name = Debug;
		};
		366BFF6F1A32C7E200D43BCE /* Release */ = {
			isa = XCBuildConfiguration;
			buildSettings = {
				BUNDLE_LOADER = "$(TEST_HOST)";
				FRAMEWORK_SEARCH_PATHS = (
					"$(SDKROOT)/Developer/Library/Frameworks",
					"$(inherited)",
				);
				INFOPLIST_FILE = DrawArcSampleTests/Info.plist;
				LD_RUNPATH_SEARCH_PATHS = "$(inherited) @executable_path/Frameworks @loader_path/Frameworks";
				PRODUCT_NAME = "$(TARGET_NAME)";
				TEST_HOST = "$(BUILT_PRODUCTS_DIR)/DrawArcSample.app/DrawArcSample";
			};
			name = Release;
		};
/* End XCBuildConfiguration section */

/* Begin XCConfigurationList section */
		366BFF421A32C7E200D43BCE /* Build configuration list for PBXProject "DrawArcSample" */ = {
			isa = XCConfigurationList;
			buildConfigurations = (
				366BFF681A32C7E200D43BCE /* Debug */,
				366BFF691A32C7E200D43BCE /* Release */,
			);
			defaultConfigurationIsVisible = 0;
			defaultConfigurationName = Release;
		};
		366BFF6A1A32C7E200D43BCE /* Build configuration list for PBXNativeTarget "DrawArcSample" */ = {
			isa = XCConfigurationList;
			buildConfigurations = (
				366BFF6B1A32C7E200D43BCE /* Debug */,
				366BFF6C1A32C7E200D43BCE /* Release */,
			);
			defaultConfigurationIsVisible = 0;
			defaultConfigurationName = Release;
		};
		366BFF6D1A32C7E200D43BCE /* Build configuration list for PBXNativeTarget "DrawArcSampleTests" */ = {
			isa = XCConfigurationList;
			buildConfigurations = (
				366BFF6E1A32C7E200D43BCE /* Debug */,
				366BFF6F1A32C7E200D43BCE /* Release */,
			);
			defaultConfigurationIsVisible = 0;
			defaultConfigurationName = Release;
		};
/* End XCConfigurationList section */
	};
	rootObject = 366BFF3F1A32C7E200D43BCE /* Project object */;
}
